
Microsoft Visual Studio Solution File, Format Version 12.00
# Visual Studio Version 17
VisualStudioVersion = 17.7.34024.191
MinimumVisualStudioVersion = 10.0.40219.1
Project("{FAE04EC0-301F-11D3-BF4B-00C04F79EFBC}") = "FileApp2", "FileApp2\FileApp2.csproj", "{EBC35A37-A73A-4027-BA70-0A07EE20CB04}"
EndProject
Global
	GlobalSection(SolutionConfigurationPlatforms) = preSolution
		Debug|Any CPU = Debug|Any CPU
		Release|Any CPU = Release|Any CPU
	EndGlobalSection
	GlobalSection(ProjectConfigurationPlatforms) = postSolution
		{EBC35A37-A73A-4027-BA70-0A07EE20CB04}.Debug|Any CPU.ActiveCfg = Debug|Any CPU
		{EBC35A37-A73A-4027-BA70-0A07EE20CB04}.Debug|Any CPU.Build.0 = Debug|Any CPU
		{EBC35A37-A73A-4027-BA70-0A07EE20CB04}.Release|Any CPU.ActiveCfg = Release|Any CPU
		{EBC35A37-A73A-4027-BA70-0A07EE20CB04}.Release|Any CPU.Build.0 = Release|Any CPU
	EndGlobalSection
	GlobalSection(SolutionProperties) = preSolution
		HideSolutionNode = FALSE
	EndGlobalSection
	GlobalSection(ExtensibilityGlobals) = postSolution
		SolutionGuid = {1FF342A1-9F5B-44B5-B12B-8EC698B91CEE}
	EndGlobalSection
EndGlobal
