
Microsoft Visual Studio Solution File, Format Version 12.00
# Visual Studio Version 17
VisualStudioVersion = 17.7.34024.191
MinimumVisualStudioVersion = 10.0.40219.1
Project("{FAE04EC0-301F-11D3-BF4B-00C04F79EFBC}") = "Simulation_Question1_Complete", "Simulation_Question1_Complete\Simulation_Question1_Complete.csproj", "{F8FC67EC-5CF8-4A30-98E7-AFA804CBB84B}"
EndProject
Global
	GlobalSection(SolutionConfigurationPlatforms) = preSolution
		Debug|Any CPU = Debug|Any CPU
		Release|Any CPU = Release|Any CPU
	EndGlobalSection
	GlobalSection(ProjectConfigurationPlatforms) = postSolution
		{F8FC67EC-5CF8-4A30-98E7-AFA804CBB84B}.Debug|Any CPU.ActiveCfg = Debug|Any CPU
		{F8FC67EC-5CF8-4A30-98E7-AFA804CBB84B}.Debug|Any CPU.Build.0 = Debug|Any CPU
		{F8FC67EC-5CF8-4A30-98E7-AFA804CBB84B}.Release|Any CPU.ActiveCfg = Release|Any CPU
		{F8FC67EC-5CF8-4A30-98E7-AFA804CBB84B}.Release|Any CPU.Build.0 = Release|Any CPU
	EndGlobalSection
	GlobalSection(SolutionProperties) = preSolution
		HideSolutionNode = FALSE
	EndGlobalSection
	GlobalSection(ExtensibilityGlobals) = postSolution
		SolutionGuid = {914E71C0-CB35-46DD-BAA4-1FAD8C333542}
	EndGlobalSection
EndGlobal
