
Microsoft Visual Studio Solution File, Format Version 12.00
# Visual Studio Version 17
VisualStudioVersion = 17.7.34024.191
MinimumVisualStudioVersion = 10.0.40219.1
Project("{FAE04EC0-301F-11D3-BF4B-00C04F79EFBC}") = "Simulation_Question5MVC", "Simulation_Question5MVC\Simulation_Question5MVC.csproj", "{45966B06-02C3-42E0-A104-7198D2B4B62B}"
EndProject
Global
	GlobalSection(SolutionConfigurationPlatforms) = preSolution
		Debug|Any CPU = Debug|Any CPU
		Release|Any CPU = Release|Any CPU
	EndGlobalSection
	GlobalSection(ProjectConfigurationPlatforms) = postSolution
		{45966B06-02C3-42E0-A104-7198D2B4B62B}.Debug|Any CPU.ActiveCfg = Debug|Any CPU
		{45966B06-02C3-42E0-A104-7198D2B4B62B}.Debug|Any CPU.Build.0 = Debug|Any CPU
		{45966B06-02C3-42E0-A104-7198D2B4B62B}.Release|Any CPU.ActiveCfg = Release|Any CPU
		{45966B06-02C3-42E0-A104-7198D2B4B62B}.Release|Any CPU.Build.0 = Release|Any CPU
	EndGlobalSection
	GlobalSection(SolutionProperties) = preSolution
		HideSolutionNode = FALSE
	EndGlobalSection
	GlobalSection(ExtensibilityGlobals) = postSolution
		SolutionGuid = {0D44A871-E013-4ECD-87C9-AEB74E54AFD0}
	EndGlobalSection
EndGlobal
