
Microsoft Visual Studio Solution File, Format Version 12.00
# Visual Studio Version 17
VisualStudioVersion = 17.7.34024.191
MinimumVisualStudioVersion = 10.0.40219.1
Project("{FAE04EC0-301F-11D3-BF4B-00C04F79EFBC}") = "Lecture7-StructuresRecords", "Lecture7-StructuresRecords\Lecture7-StructuresRecords.csproj", "{1CB6A569-1D8A-42F8-AE5B-D8ACAD7AB030}"
EndProject
Global
	GlobalSection(SolutionConfigurationPlatforms) = preSolution
		Debug|Any CPU = Debug|Any CPU
		Release|Any CPU = Release|Any CPU
	EndGlobalSection
	GlobalSection(ProjectConfigurationPlatforms) = postSolution
		{1CB6A569-1D8A-42F8-AE5B-D8ACAD7AB030}.Debug|Any CPU.ActiveCfg = Debug|Any CPU
		{1CB6A569-1D8A-42F8-AE5B-D8ACAD7AB030}.Debug|Any CPU.Build.0 = Debug|Any CPU
		{1CB6A569-1D8A-42F8-AE5B-D8ACAD7AB030}.Release|Any CPU.ActiveCfg = Release|Any CPU
		{1CB6A569-1D8A-42F8-AE5B-D8ACAD7AB030}.Release|Any CPU.Build.0 = Release|Any CPU
	EndGlobalSection
	GlobalSection(SolutionProperties) = preSolution
		HideSolutionNode = FALSE
	EndGlobalSection
	GlobalSection(ExtensibilityGlobals) = postSolution
		SolutionGuid = {9FB4C1D4-2C22-47E1-AC02-EB94B671C3AC}
	EndGlobalSection
EndGlobal
