
Microsoft Visual Studio Solution File, Format Version 12.00
# Visual Studio Version 17
VisualStudioVersion = 17.7.34024.191
MinimumVisualStudioVersion = 10.0.40219.1
Project("{FAE04EC0-301F-11D3-BF4B-00C04F79EFBC}") = "Lecture3_Properties", "Lecture3_Properties\Lecture3_Properties.csproj", "{FEE50F7B-9EDC-4F15-83DB-AA7EC594C56E}"
EndProject
Global
	GlobalSection(SolutionConfigurationPlatforms) = preSolution
		Debug|Any CPU = Debug|Any CPU
		Release|Any CPU = Release|Any CPU
	EndGlobalSection
	GlobalSection(ProjectConfigurationPlatforms) = postSolution
		{FEE50F7B-9EDC-4F15-83DB-AA7EC594C56E}.Debug|Any CPU.ActiveCfg = Debug|Any CPU
		{FEE50F7B-9EDC-4F15-83DB-AA7EC594C56E}.Debug|Any CPU.Build.0 = Debug|Any CPU
		{FEE50F7B-9EDC-4F15-83DB-AA7EC594C56E}.Release|Any CPU.ActiveCfg = Release|Any CPU
		{FEE50F7B-9EDC-4F15-83DB-AA7EC594C56E}.Release|Any CPU.Build.0 = Release|Any CPU
	EndGlobalSection
	GlobalSection(SolutionProperties) = preSolution
		HideSolutionNode = FALSE
	EndGlobalSection
	GlobalSection(ExtensibilityGlobals) = postSolution
		SolutionGuid = {921DBD55-43D9-4A4B-81BE-7BAE172B1320}
	EndGlobalSection
EndGlobal
