
Microsoft Visual Studio Solution File, Format Version 12.00
# Visual Studio Version 17
VisualStudioVersion = 17.7.34024.191
MinimumVisualStudioVersion = 10.0.40219.1
Project("{FAE04EC0-301F-11D3-BF4B-00C04F79EFBC}") = "FileApp6", "FileApp6\FileApp6.csproj", "{FFE4A1A2-5937-4D8F-A9DB-4842DC73640B}"
EndProject
Global
	GlobalSection(SolutionConfigurationPlatforms) = preSolution
		Debug|Any CPU = Debug|Any CPU
		Release|Any CPU = Release|Any CPU
	EndGlobalSection
	GlobalSection(ProjectConfigurationPlatforms) = postSolution
		{FFE4A1A2-5937-4D8F-A9DB-4842DC73640B}.Debug|Any CPU.ActiveCfg = Debug|Any CPU
		{FFE4A1A2-5937-4D8F-A9DB-4842DC73640B}.Debug|Any CPU.Build.0 = Debug|Any CPU
		{FFE4A1A2-5937-4D8F-A9DB-4842DC73640B}.Release|Any CPU.ActiveCfg = Release|Any CPU
		{FFE4A1A2-5937-4D8F-A9DB-4842DC73640B}.Release|Any CPU.Build.0 = Release|Any CPU
	EndGlobalSection
	GlobalSection(SolutionProperties) = preSolution
		HideSolutionNode = FALSE
	EndGlobalSection
	GlobalSection(ExtensibilityGlobals) = postSolution
		SolutionGuid = {39B085A1-36C4-477C-9681-75A4CCA0987D}
	EndGlobalSection
EndGlobal
