
Microsoft Visual Studio Solution File, Format Version 12.00
# Visual Studio Version 17
VisualStudioVersion = 17.7.34024.191
MinimumVisualStudioVersion = 10.0.40219.1
Project("{FAE04EC0-301F-11D3-BF4B-00C04F79EFBC}") = "FileApp5", "FileApp5\FileApp5.csproj", "{8979FC0D-4837-48A1-88A3-46E89D73E7CE}"
EndProject
Global
	GlobalSection(SolutionConfigurationPlatforms) = preSolution
		Debug|Any CPU = Debug|Any CPU
		Release|Any CPU = Release|Any CPU
	EndGlobalSection
	GlobalSection(ProjectConfigurationPlatforms) = postSolution
		{8979FC0D-4837-48A1-88A3-46E89D73E7CE}.Debug|Any CPU.ActiveCfg = Debug|Any CPU
		{8979FC0D-4837-48A1-88A3-46E89D73E7CE}.Debug|Any CPU.Build.0 = Debug|Any CPU
		{8979FC0D-4837-48A1-88A3-46E89D73E7CE}.Release|Any CPU.ActiveCfg = Release|Any CPU
		{8979FC0D-4837-48A1-88A3-46E89D73E7CE}.Release|Any CPU.Build.0 = Release|Any CPU
	EndGlobalSection
	GlobalSection(SolutionProperties) = preSolution
		HideSolutionNode = FALSE
	EndGlobalSection
	GlobalSection(ExtensibilityGlobals) = postSolution
		SolutionGuid = {95098554-EC11-4D84-8DDE-7307BEF95B8E}
	EndGlobalSection
EndGlobal
